
Microsoft Visual Studio Solution File, Format Version 12.00
# Visual Studio Version 17
VisualStudioVersion = 17.8.34525.116
MinimumVisualStudioVersion = 10.0.40219.1
Project("{FAE04EC0-301F-11D3-BF4B-00C04F79EFBC}") = "opgaveuge10", "opgaveuge10\opgaveuge10.csproj", "{6C0CA17A-B6A8-4D9F-8D57-31B23D3DF6C8}"
EndProject
Global
	GlobalSection(SolutionConfigurationPlatforms) = preSolution
		Debug|Any CPU = Debug|Any CPU
		Release|Any CPU = Release|Any CPU
	EndGlobalSection
	GlobalSection(ProjectConfigurationPlatforms) = postSolution
		{6C0CA17A-B6A8-4D9F-8D57-31B23D3DF6C8}.Debug|Any CPU.ActiveCfg = Debug|Any CPU
		{6C0CA17A-B6A8-4D9F-8D57-31B23D3DF6C8}.Debug|Any CPU.Build.0 = Debug|Any CPU
		{6C0CA17A-B6A8-4D9F-8D57-31B23D3DF6C8}.Release|Any CPU.ActiveCfg = Release|Any CPU
		{6C0CA17A-B6A8-4D9F-8D57-31B23D3DF6C8}.Release|Any CPU.Build.0 = Release|Any CPU
	EndGlobalSection
	GlobalSection(SolutionProperties) = preSolution
		HideSolutionNode = FALSE
	EndGlobalSection
	GlobalSection(ExtensibilityGlobals) = postSolution
		SolutionGuid = {7001DBAF-BECD-419F-9AF5-8B00CBC49188}
	EndGlobalSection
EndGlobal
